
Microsoft Visual Studio Solution File, Format Version 12.00
# Visual Studio 2013
VisualStudioVersion = 12.0.31101.0
MinimumVisualStudioVersion = 10.0.40219.1
Project("{FAE04EC0-301F-11D3-BF4B-00C04F79EFBC}") = "ShoppingCart", "ShoppingCart\ShoppingCart.csproj", "{EE469AB9-AC83-447B-A450-ADAD03738D68}"
EndProject
Project("{FAE04EC0-301F-11D3-BF4B-00C04F79EFBC}") = "ShoppingCartTests", "ShoppingCartTests\ShoppingCartTests.csproj", "{B6CE85EF-3505-40F9-83BA-AAEC6FF2C09C}"
EndProject
Global
	GlobalSection(SolutionConfigurationPlatforms) = preSolution
		Debug|Any CPU = Debug|Any CPU
		Release|Any CPU = Release|Any CPU
	EndGlobalSection
	GlobalSection(ProjectConfigurationPlatforms) = postSolution
		{EE469AB9-AC83-447B-A450-ADAD03738D68}.Debug|Any CPU.ActiveCfg = Debug|Any CPU
		{EE469AB9-AC83-447B-A450-ADAD03738D68}.Debug|Any CPU.Build.0 = Debug|Any CPU
		{EE469AB9-AC83-447B-A450-ADAD03738D68}.Release|Any CPU.ActiveCfg = Release|Any CPU
		{EE469AB9-AC83-447B-A450-ADAD03738D68}.Release|Any CPU.Build.0 = Release|Any CPU
		{B6CE85EF-3505-40F9-83BA-AAEC6FF2C09C}.Debug|Any CPU.ActiveCfg = Debug|Any CPU
		{B6CE85EF-3505-40F9-83BA-AAEC6FF2C09C}.Debug|Any CPU.Build.0 = Debug|Any CPU
		{B6CE85EF-3505-40F9-83BA-AAEC6FF2C09C}.Release|Any CPU.ActiveCfg = Release|Any CPU
		{B6CE85EF-3505-40F9-83BA-AAEC6FF2C09C}.Release|Any CPU.Build.0 = Release|Any CPU
	EndGlobalSection
	GlobalSection(SolutionProperties) = preSolution
		HideSolutionNode = FALSE
	EndGlobalSection
EndGlobal
